// !$*UTF8*$!
{
	archiveVersion = 1;
	classes = {
	};
	objectVersion = 50;
	objects = {

/* Begin PBXBuildFile section */
		E3EAEC722407DF930087AF57 /* AppDelegate.swift in Sources */ = {isa = PBXBuildFile; fileRef = E3EAEC712407DF930087AF57 /* AppDelegate.swift */; };
		E3EAEC742407DF930087AF57 /* SceneDelegate.swift in Sources */ = {isa = PBXBuildFile; fileRef = E3EAEC732407DF930087AF57 /* SceneDelegate.swift */; };
		E3EAEC762407DF930087AF57 /* ViewController.swift in Sources */ = {isa = PBXBuildFile; fileRef = E3EAEC752407DF930087AF57 /* ViewController.swift */; };
		E3EAEC792407DF930087AF57 /* Main.storyboard in Resources */ = {isa = PBXBuildFile; fileRef = E3EAEC772407DF930087AF57 /* Main.storyboard */; };
		E3EAEC7B2407DF940087AF57 /* Assets.xcassets in Resources */ = {isa = PBXBuildFile; fileRef = E3EAEC7A2407DF940087AF57 /* Assets.xcassets */; };
		E3EAEC7E2407DF940087AF57 /* LaunchScreen.storyboard in Resources */ = {isa = PBXBuildFile; fileRef = E3EAEC7C2407DF940087AF57 /* LaunchScreen.storyboard */; };
/* End PBXBuildFile section */

/* Begin PBXFileReference section */
		E3EAEC6E2407DF930087AF57 /* SwiftP10 Face Recognizer.app */ = {isa = PBXFileReference; explicitFileType = wrapper.application; includeInIndex = 0; path = "SwiftP10 Face Recognizer.app"; sourceTree = BUILT_PRODUCTS_DIR; };
		E3EAEC712407DF930087AF57 /* AppDelegate.swift */ = {isa = PBXFileReference; lastKnownFileType = sourcecode.swift; path = AppDelegate.swift; sourceTree = "<group>"; };
		E3EAEC732407DF930087AF57 /* SceneDelegate.swift */ = {isa = PBXFileReference; lastKnownFileType = sourcecode.swift; path = SceneDelegate.swift; sourceTree = "<group>"; };
		E3EAEC752407DF930087AF57 /* ViewController.swift */ = {isa = PBXFileReference; lastKnownFileType = sourcecode.swift; path = ViewController.swift; sourceTree = "<group>"; };
		E3EAEC782407DF930087AF57 /* Base */ = {isa = PBXFileReference; lastKnownFileType = file.storyboard; name = Base; path = Base.lproj/Main.storyboard; sourceTree = "<group>"; };
		E3EAEC7A2407DF940087AF57 /* Assets.xcassets */ = {isa = PBXFileReference; lastKnownFileType = folder.assetcatalog; path = Assets.xcassets; sourceTree = "<group>"; };
		E3EAEC7D2407DF940087AF57 /* Base */ = {isa = PBXFileReference; lastKnownFileType = file.storyboard; name = Base; path = Base.lproj/LaunchScreen.storyboard; sourceTree = "<group>"; };
		E3EAEC7F2407DF940087AF57 /* Info.plist */ = {isa = PBXFileReference; lastKnownFileType = text.plist.xml; path = Info.plist; sourceTree = "<group>"; };
/* End PBXFileReference section */

/* Begin PBXFrameworksBuildPhase section */
		E3EAEC6B2407DF930087AF57 /* Frameworks */ = {
			isa = PBXFrameworksBuildPhase;
			buildActionMask = 2147483647;
			files = (
			);
			runOnlyForDeploymentPostprocessing = 0;
		};
/* End PBXFrameworksBuildPhase section */

/* Begin PBXGroup section */
		E3EAEC652407DF930087AF57 = {
			isa = PBXGroup;
			children = (
				E3EAEC702407DF930087AF57 /* SwiftP10 Face Recognizer */,
				E3EAEC6F2407DF930087AF57 /* Products */,
			);
			sourceTree = "<group>";
		};
		E3EAEC6F2407DF930087AF57 /* Products */ = {
			isa = PBXGroup;
			children = (
				E3EAEC6E2407DF930087AF57 /* SwiftP10 Face Recognizer.app */,
			);
			name = Products;
			sourceTree = "<group>";
		};
		E3EAEC702407DF930087AF57 /* SwiftP10 Face Recognizer */ = {
			isa = PBXGroup;
			children = (
				E3EAEC712407DF930087AF57 /* AppDelegate.swift */,
				E3EAEC732407DF930087AF57 /* SceneDelegate.swift */,
				E3EAEC752407DF930087AF57 /* ViewController.swift */,
				E3EAEC772407DF930087AF57 /* Main.storyboard */,
				E3EAEC7A2407DF940087AF57 /* Assets.xcassets */,
				E3EAEC7C2407DF940087AF57 /* LaunchScreen.storyboard */,
				E3EAEC7F2407DF940087AF57 /* Info.plist */,
			);
			path = "SwiftP10 Face Recognizer";
			sourceTree = "<group>";
		};
/* End PBXGroup section */

/* Begin PBXNativeTarget section */
		E3EAEC6D2407DF930087AF57 /* SwiftP10 Face Recognizer */ = {
			isa = PBXNativeTarget;
			buildConfigurationList = E3EAEC822407DF940087AF57 /* Build configuration list for PBXNativeTarget "SwiftP10 Face Recognizer" */;
			buildPhases = (
				E3EAEC6A2407DF930087AF57 /* Sources */,
				E3EAEC6B2407DF930087AF57 /* Frameworks */,
				E3EAEC6C2407DF930087AF57 /* Resources */,
			);
			buildRules = (
			);
			dependencies = (
			);
			name = "SwiftP10 Face Recognizer";
			productName = "SwiftP10 Face Recognizer";
			productReference = E3EAEC6E2407DF930087AF57 /* SwiftP10 Face Recognizer.app */;
			productType = "com.apple.product-type.application";
		};
/* End PBXNativeTarget section */

/* Begin PBXProject section */
		E3EAEC662407DF930087AF57 /* Project object */ = {
			isa = PBXProject;
			attributes = {
				LastSwiftUpdateCheck = 1130;
				LastUpgradeCheck = 1130;
				ORGANIZATIONNAME = "Mohammadreza Sadeghi";
				TargetAttributes = {
					E3EAEC6D2407DF930087AF57 = {
						CreatedOnToolsVersion = 11.3.1;
					};
				};
			};
			buildConfigurationList = E3EAEC692407DF930087AF57 /* Build configuration list for PBXProject "SwiftP10 Face Recognizer" */;
			compatibilityVersion = "Xcode 9.3";
			developmentRegion = en;
			hasScannedForEncodings = 0;
			knownRegions = (
				en,
				Base,
			);
			mainGroup = E3EAEC652407DF930087AF57;
			productRefGroup = E3EAEC6F2407DF930087AF57 /* Products */;
			projectDirPath = "";
			projectRoot = "";
			targets = (
				E3EAEC6D2407DF930087AF57 /* SwiftP10 Face Recognizer */,
			);
		};
/* End PBXProject section */

/* Begin PBXResourcesBuildPhase section */
		E3EAEC6C2407DF930087AF57 /* Resources */ = {
			isa = PBXResourcesBuildPhase;
			buildActionMask = 2147483647;
			files = (
				E3EAEC7E2407DF940087AF57 /* LaunchScreen.storyboard in Resources */,
				E3EAEC7B2407DF940087AF57 /* Assets.xcassets in Resources */,
				E3EAEC792407DF930087AF57 /* Main.storyboard in Resources */,
			);
			runOnlyForDeploymentPostprocessing = 0;
		};
/* End PBXResourcesBuildPhase section */

/* Begin PBXSourcesBuildPhase section */
		E3EAEC6A2407DF930087AF57 /* Sources */ = {
			isa = PBXSourcesBuildPhase;
			buildActionMask = 2147483647;
			files = (
				E3EAEC762407DF930087AF57 /* ViewController.swift in Sources */,
				E3EAEC722407DF930087AF57 /* AppDelegate.swift in Sources */,
				E3EAEC742407DF930087AF57 /* SceneDelegate.swift in Sources */,
			);
			runOnlyForDeploymentPostprocessing = 0;
		};
/* End PBXSourcesBuildPhase section */

/* Begin PBXVariantGroup section */
		E3EAEC772407DF930087AF57 /* Main.storyboard */ = {
			isa = PBXVariantGroup;
			children = (
				E3EAEC782407DF930087AF57 /* Base */,
			);
			name = Main.storyboard;
			sourceTree = "<group>";
		};
		E3EAEC7C2407DF940087AF57 /* LaunchScreen.storyboard */ = {
			isa = PBXVariantGroup;
			children = (
				E3EAEC7D2407DF940087AF57 /* Base */,
			);
			name = LaunchScreen.storyboard;
			sourceTree = "<group>";
		};
/* End PBXVariantGroup section */

/* Begin XCBuildConfiguration section */
		E3EAEC802407DF940087AF57 /* Debug */ = {
			isa = XCBuildConfiguration;
			buildSettings = {
				ALWAYS_SEARCH_USER_PATHS = NO;
				CLANG_ANALYZER_NONNULL = YES;
				CLANG_ANALYZER_NUMBER_OBJECT_CONVERSION = YES_AGGRESSIVE;
				CLANG_CXX_LANGUAGE_STANDARD = "gnu++14";
				CLANG_CXX_LIBRARY = "libc++";
				CLANG_ENABLE_MODULES = YES;
				CLANG_ENABLE_OBJC_ARC = YES;
				CLANG_ENABLE_OBJC_WEAK = YES;
				CLANG_WARN_BLOCK_CAPTURE_AUTORELEASING = YES;
				CLANG_WARN_BOOL_CONVERSION = YES;
				CLANG_WARN_COMMA = YES;
				CLANG_WARN_CONSTANT_CONVERSION = YES;
				CLANG_WARN_DEPRECATED_OBJC_IMPLEMENTATIONS = YES;
				CLANG_WARN_DIRECT_OBJC_ISA_USAGE = YES_ERROR;
				CLANG_WARN_DOCUMENTATION_COMMENTS = YES;
				CLANG_WARN_EMPTY_BODY = YES;
				CLANG_WARN_ENUM_CONVERSION = YES;
				CLANG_WARN_INFINITE_RECURSION = YES;
				CLANG_WARN_INT_CONVERSION = YES;
				CLANG_WARN_NON_LITERAL_NULL_CONVERSION = YES;
				CLANG_WARN_OBJC_IMPLICIT_RETAIN_SELF = YES;
				CLANG_WARN_OBJC_LITERAL_CONVERSION = YES;
				CLANG_WARN_OBJC_ROOT_CLASS = YES_ERROR;
				CLANG_WARN_RANGE_LOOP_ANALYSIS = YES;
				CLANG_WARN_STRICT_PROTOTYPES = YES;
				CLANG_WARN_SUSPICIOUS_MOVE = YES;
				CLANG_WARN_UNGUARDED_AVAILABILITY = YES_AGGRESSIVE;
				CLANG_WARN_UNREACHABLE_CODE = YES;
				CLANG_WARN__DUPLICATE_METHOD_MATCH = YES;
				COPY_PHASE_STRIP = NO;
				DEBUG_INFORMATION_FORMAT = dwarf;
				ENABLE_STRICT_OBJC_MSGSEND = YES;
				ENABLE_TESTABILITY = YES;
				GCC_C_LANGUAGE_STANDARD = gnu11;
				GCC_DYNAMIC_NO_PIC = NO;
				GCC_NO_COMMON_BLOCKS = YES;
				GCC_OPTIMIZATION_LEVEL = 0;
				GCC_PREPROCESSOR_DEFINITIONS = (
					"DEBUG=1",
					"$(inherited)",
				);
				GCC_WARN_64_TO_32_BIT_CONVERSION = YES;
				GCC_WARN_ABOUT_RETURN_TYPE = YES_ERROR;
				GCC_WARN_UNDECLARED_SELECTOR = YES;
				GCC_WARN_UNINITIALIZED_AUTOS = YES_AGGRESSIVE;
				GCC_WARN_UNUSED_FUNCTION = YES;
				GCC_WARN_UNUSED_VARIABLE = YES;
				IPHONEOS_DEPLOYMENT_TARGET = 13.2;
				MTL_ENABLE_DEBUG_INFO = INCLUDE_SOURCE;
				MTL_FAST_MATH = YES;
				ONLY_ACTIVE_ARCH = YES;
				SDKROOT = iphoneos;
				SWIFT_ACTIVE_COMPILATION_CONDITIONS = DEBUG;
				SWIFT_OPTIMIZATION_LEVEL = "-Onone";
			};
			name = Debug;
		};
		E3EAEC812407DF940087AF57 /* Release */ = {
			isa = XCBuildConfiguration;
			buildSettings = {
				ALWAYS_SEARCH_USER_PATHS = NO;
				CLANG_ANALYZER_NONNULL = YES;
				CLANG_ANALYZER_NUMBER_OBJECT_CONVERSION = YES_AGGRESSIVE;
				CLANG_CXX_LANGUAGE_STANDARD = "gnu++14";
				CLANG_CXX_LIBRARY = "libc++";
				CLANG_ENABLE_MODULES = YES;
				CLANG_ENABLE_OBJC_ARC = YES;
				CLANG_ENABLE_OBJC_WEAK = YES;
				CLANG_WARN_BLOCK_CAPTURE_AUTORELEASING = YES;
				CLANG_WARN_BOOL_CONVERSION = YES;
				CLANG_WARN_COMMA = YES;
				CLANG_WARN_CONSTANT_CONVERSION = YES;
				CLANG_WARN_DEPRECATED_OBJC_IMPLEMENTATIONS = YES;
				CLANG_WARN_DIRECT_OBJC_ISA_USAGE = YES_ERROR;
				CLANG_WARN_DOCUMENTATION_COMMENTS = YES;
				CLANG_WARN_EMPTY_BODY = YES;
				CLANG_WARN_ENUM_CONVERSION = YES;
				CLANG_WARN_INFINITE_RECURSION = YES;
				CLANG_WARN_INT_CONVERSION = YES;
				CLANG_WARN_NON_LITERAL_NULL_CONVERSION = YES;
				CLANG_WARN_OBJC_IMPLICIT_RETAIN_SELF = YES;
				CLANG_WARN_OBJC_LITERAL_CONVERSION = YES;
				CLANG_WARN_OBJC_ROOT_CLASS = YES_ERROR;
				CLANG_WARN_RANGE_LOOP_ANALYSIS = YES;
				CLANG_WARN_STRICT_PROTOTYPES = YES;
				CLANG_WARN_SUSPICIOUS_MOVE = YES;
				CLANG_WARN_UNGUARDED_AVAILABILITY = YES_AGGRESSIVE;
				CLANG_WARN_UNREACHABLE_CODE = YES;
				CLANG_WARN__DUPLICATE_METHOD_MATCH = YES;
				COPY_PHASE_STRIP = NO;
				DEBUG_INFORMATION_FORMAT = "dwarf-with-dsym";
				ENABLE_NS_ASSERTIONS = NO;
				ENABLE_STRICT_OBJC_MSGSEND = YES;
				GCC_C_LANGUAGE_STANDARD = gnu11;
				GCC_NO_COMMON_BLOCKS = YES;
				GCC_WARN_64_TO_32_BIT_CONVERSION = YES;
				GCC_WARN_ABOUT_RETURN_TYPE = YES_ERROR;
				GCC_WARN_UNDECLARED_SELECTOR = YES;
				GCC_WARN_UNINITIALIZED_AUTOS = YES_AGGRESSIVE;
				GCC_WARN_UNUSED_FUNCTION = YES;
				GCC_WARN_UNUSED_VARIABLE = YES;
				IPHONEOS_DEPLOYMENT_TARGET = 13.2;
				MTL_ENABLE_DEBUG_INFO = NO;
				MTL_FAST_MATH = YES;
				SDKROOT = iphoneos;
				SWIFT_COMPILATION_MODE = wholemodule;
				SWIFT_OPTIMIZATION_LEVEL = "-O";
				VALIDATE_PRODUCT = YES;
			};
			name = Release;
		};
		E3EAEC832407DF940087AF57 /* Debug */ = {
			isa = XCBuildConfiguration;
			buildSettings = {
				ASSETCATALOG_COMPILER_APPICON_NAME = AppIcon;
				CODE_SIGN_STYLE = Automatic;
				DEVELOPMENT_TEAM = RQQ325J47J;
				INFOPLIST_FILE = "SwiftP10 Face Recognizer/Info.plist";
				LD_RUNPATH_SEARCH_PATHS = (
					"$(inherited)",
					"@executable_path/Frameworks",
				);
				PRODUCT_BUNDLE_IDENTIFIER = "com.mohammadreza.SwiftP10-Face-Recognizer";
				PRODUCT_NAME = "$(TARGET_NAME)";
				SWIFT_VERSION = 5.0;
				TARGETED_DEVICE_FAMILY = "1,2";
			};
			name = Debug;
		};
		E3EAEC842407DF940087AF57 /* Release */ = {
			isa = XCBuildConfiguration;
			buildSettings = {
				ASSETCATALOG_COMPILER_APPICON_NAME = AppIcon;
				CODE_SIGN_STYLE = Automatic;
				DEVELOPMENT_TEAM = RQQ325J47J;
				INFOPLIST_FILE = "SwiftP10 Face Recognizer/Info.plist";
				LD_RUNPATH_SEARCH_PATHS = (
					"$(inherited)",
					"@executable_path/Frameworks",
				);
				PRODUCT_BUNDLE_IDENTIFIER = "com.mohammadreza.SwiftP10-Face-Recognizer";
				PRODUCT_NAME = "$(TARGET_NAME)";
				SWIFT_VERSION = 5.0;
				TARGETED_DEVICE_FAMILY = "1,2";
			};
			name = Release;
		};
/* End XCBuildConfiguration section */

/* Begin XCConfigurationList section */
		E3EAEC692407DF930087AF57 /* Build configuration list for PBXProject "SwiftP10 Face Recognizer" */ = {
			isa = XCConfigurationList;
			buildConfigurations = (
				E3EAEC802407DF940087AF57 /* Debug */,
				E3EAEC812407DF940087AF57 /* Release */,
			);
			defaultConfigurationIsVisible = 0;
			defaultConfigurationName = Release;
		};
		E3EAEC822407DF940087AF57 /* Build configuration list for PBXNativeTarget "SwiftP10 Face Recognizer" */ = {
			isa = XCConfigurationList;
			buildConfigurations = (
				E3EAEC832407DF940087AF57 /* Debug */,
				E3EAEC842407DF940087AF57 /* Release */,
			);
			defaultConfigurationIsVisible = 0;
			defaultConfigurationName = Release;
		};
/* End XCConfigurationList section */
	};
	rootObject = E3EAEC662407DF930087AF57 /* Project object */;
}
